
Microsoft Visual Studio Solution File, Format Version 12.00
# Visual Studio Version 17
VisualStudioVersion = 17.7.34202.233
MinimumVisualStudioVersion = 10.0.40219.1
Project("{FAE04EC0-301F-11D3-BF4B-00C04F79EFBC}") = "Client", "Client.csproj", "{FEAA2FF9-DAB7-4ED4-9B18-9F780B983AB2}"
EndProject
Global
	GlobalSection(SolutionConfigurationPlatforms) = preSolution
		Debug|Any CPU = Debug|Any CPU
		Release|Any CPU = Release|Any CPU
	EndGlobalSection
	GlobalSection(ProjectConfigurationPlatforms) = postSolution
		{FEAA2FF9-DAB7-4ED4-9B18-9F780B983AB2}.Debug|Any CPU.ActiveCfg = Debug|Any CPU
		{FEAA2FF9-DAB7-4ED4-9B18-9F780B983AB2}.Debug|Any CPU.Build.0 = Debug|Any CPU
		{FEAA2FF9-DAB7-4ED4-9B18-9F780B983AB2}.Release|Any CPU.ActiveCfg = Release|Any CPU
		{FEAA2FF9-DAB7-4ED4-9B18-9F780B983AB2}.Release|Any CPU.Build.0 = Release|Any CPU
	EndGlobalSection
	GlobalSection(SolutionProperties) = preSolution
		HideSolutionNode = FALSE
	EndGlobalSection
	GlobalSection(ExtensibilityGlobals) = postSolution
		SolutionGuid = {FE089242-BB1C-406B-B078-7FC8EF3CCA79}
	EndGlobalSection
EndGlobal
